
Microsoft Visual Studio Solution File, Format Version 12.00
# Visual Studio 14
VisualStudioVersion = 14.0.23107.0
MinimumVisualStudioVersion = 10.0.40219.1
Project("{FAE04EC0-301F-11D3-BF4B-00C04F79EFBC}") = "FaultTreeAnalysis", "FaultTreeAnalysis\FaultTreeAnalysis.csproj", "{B483700E-83D1-41E1-81B8-09EEDD50781E}"
EndProject
Project("{FAE04EC0-301F-11D3-BF4B-00C04F79EFBC}") = "UnitTests", "UnitTests\UnitTests.csproj", "{3997C881-1365-4932-817A-6645E533EDCB}"
EndProject
Global
	GlobalSection(SolutionConfigurationPlatforms) = preSolution
		Debug|Any CPU = Debug|Any CPU
		Release|Any CPU = Release|Any CPU
	EndGlobalSection
	GlobalSection(ProjectConfigurationPlatforms) = postSolution
		{B483700E-83D1-41E1-81B8-09EEDD50781E}.Debug|Any CPU.ActiveCfg = Debug|Any CPU
		{B483700E-83D1-41E1-81B8-09EEDD50781E}.Debug|Any CPU.Build.0 = Debug|Any CPU
		{B483700E-83D1-41E1-81B8-09EEDD50781E}.Release|Any CPU.ActiveCfg = Release|Any CPU
		{B483700E-83D1-41E1-81B8-09EEDD50781E}.Release|Any CPU.Build.0 = Release|Any CPU
		{3997C881-1365-4932-817A-6645E533EDCB}.Debug|Any CPU.ActiveCfg = Debug|Any CPU
		{3997C881-1365-4932-817A-6645E533EDCB}.Debug|Any CPU.Build.0 = Debug|Any CPU
		{3997C881-1365-4932-817A-6645E533EDCB}.Release|Any CPU.ActiveCfg = Release|Any CPU
		{3997C881-1365-4932-817A-6645E533EDCB}.Release|Any CPU.Build.0 = Release|Any CPU
	EndGlobalSection
	GlobalSection(SolutionProperties) = preSolution
		HideSolutionNode = FALSE
	EndGlobalSection
EndGlobal
